# This file is autogenerated, do not edit; changes may be undone by the next 'dep ensure'.


[[projects]]
  branch = "master"
  name = "github.com/ryanuber/go-license"
  packages = ["."]
  revision = "9c9d2aca2d1a36bd73b496ebd2fd14fea6aca9a2"

[[projects]]
  branch = "v2"
  name = "gopkg.in/yaml.v2"
  packages = ["."]
  revision = "cd8b52f8269e0feb286dfeef29f8fe4d5b397e0b"

[solve-meta]
  analyzer-name = "dep"
  analyzer-version = 1
  inputs-digest = "ce7c4976e77bb66b60bd161eed541bcf43ec514692d8d1587b9ddc3233801997"
  solver-name = "gps-cdcl"
  solver-version = 1
