# This file is autogenerated, do not edit; changes may be undone by the next 'dep ensure'.


[[projects]]
  name = "github.com/pelletier/go-buffruneio"
  packages = ["."]
  revision = "c37440a7cf42ac63b919c752ca73a85067e05992"
  version = "v0.2.0"

[[projects]]
  name = "github.com/pelletier/go-toml"
  packages = ["."]
  revision = "5ccdfb18c776b740aecaf085c4d9a2779199c279"
  version = "v1.0.0"

[[projects]]
  branch = "master"
  name = "github.com/ryanuber/go-license"
  packages = ["."]
  revision = "9c9d2aca2d1a36bd73b496ebd2fd14fea6aca9a2"

[solve-meta]
  analyzer-name = "dep"
  analyzer-version = 1
  inputs-digest = "6bf3f62fb883d26781892cc42572463cc4a957a8e1032c59ea100aef37770046"
  solver-name = "gps-cdcl"
  solver-version = 1
